
Microsoft Visual Studio Solution File, Format Version 12.00
# Visual Studio Version 17
VisualStudioVersion = 17.4.33213.308
MinimumVisualStudioVersion = 10.0.40219.1
Project("{9A19103F-16F7-4668-BE54-9A1E7A4F7556}") = "Common", "Common\Common.csproj", "{C1F2ECE7-75B6-4231-9C0A-700336B354A7}"
EndProject
Project("{9A19103F-16F7-4668-BE54-9A1E7A4F7556}") = "Api", "Api\Api.csproj", "{48DB2310-E07F-444B-94FA-E9C142E3141D}"
EndProject
Project("{9A19103F-16F7-4668-BE54-9A1E7A4F7556}") = "OrderService", "OrderService\OrderService.csproj", "{2B859C2E-3BCD-45B4-9B1F-EA3CB3AD4347}"
EndProject
Project("{9A19103F-16F7-4668-BE54-9A1E7A4F7556}") = "RedisStorage", "RedisStorage\RedisStorage.csproj", "{D8B7CB5B-90BD-403E-92C2-F02663E26273}"
EndProject
Project("{FAE04EC0-301F-11D3-BF4B-00C04F79EFBC}") = "DeliveryService", "DeliveryService\DeliveryService.csproj", "{9958EB12-C466-448A-AE9A-9A4EFEE0F03E}"
EndProject
Global
	GlobalSection(SolutionConfigurationPlatforms) = preSolution
		Debug|Any CPU = Debug|Any CPU
		Release|Any CPU = Release|Any CPU
	EndGlobalSection
	GlobalSection(ProjectConfigurationPlatforms) = postSolution
		{C1F2ECE7-75B6-4231-9C0A-700336B354A7}.Debug|Any CPU.ActiveCfg = Debug|Any CPU
		{C1F2ECE7-75B6-4231-9C0A-700336B354A7}.Debug|Any CPU.Build.0 = Debug|Any CPU
		{C1F2ECE7-75B6-4231-9C0A-700336B354A7}.Release|Any CPU.ActiveCfg = Release|Any CPU
		{C1F2ECE7-75B6-4231-9C0A-700336B354A7}.Release|Any CPU.Build.0 = Release|Any CPU
		{48DB2310-E07F-444B-94FA-E9C142E3141D}.Debug|Any CPU.ActiveCfg = Debug|Any CPU
		{48DB2310-E07F-444B-94FA-E9C142E3141D}.Debug|Any CPU.Build.0 = Debug|Any CPU
		{48DB2310-E07F-444B-94FA-E9C142E3141D}.Release|Any CPU.ActiveCfg = Release|Any CPU
		{48DB2310-E07F-444B-94FA-E9C142E3141D}.Release|Any CPU.Build.0 = Release|Any CPU
		{2B859C2E-3BCD-45B4-9B1F-EA3CB3AD4347}.Debug|Any CPU.ActiveCfg = Debug|Any CPU
		{2B859C2E-3BCD-45B4-9B1F-EA3CB3AD4347}.Debug|Any CPU.Build.0 = Debug|Any CPU
		{2B859C2E-3BCD-45B4-9B1F-EA3CB3AD4347}.Release|Any CPU.ActiveCfg = Release|Any CPU
		{2B859C2E-3BCD-45B4-9B1F-EA3CB3AD4347}.Release|Any CPU.Build.0 = Release|Any CPU
		{D8B7CB5B-90BD-403E-92C2-F02663E26273}.Debug|Any CPU.ActiveCfg = Debug|Any CPU
		{D8B7CB5B-90BD-403E-92C2-F02663E26273}.Debug|Any CPU.Build.0 = Debug|Any CPU
		{D8B7CB5B-90BD-403E-92C2-F02663E26273}.Release|Any CPU.ActiveCfg = Release|Any CPU
		{D8B7CB5B-90BD-403E-92C2-F02663E26273}.Release|Any CPU.Build.0 = Release|Any CPU
		{9958EB12-C466-448A-AE9A-9A4EFEE0F03E}.Debug|Any CPU.ActiveCfg = Debug|Any CPU
		{9958EB12-C466-448A-AE9A-9A4EFEE0F03E}.Debug|Any CPU.Build.0 = Debug|Any CPU
		{9958EB12-C466-448A-AE9A-9A4EFEE0F03E}.Release|Any CPU.ActiveCfg = Release|Any CPU
		{9958EB12-C466-448A-AE9A-9A4EFEE0F03E}.Release|Any CPU.Build.0 = Release|Any CPU
	EndGlobalSection
	GlobalSection(SolutionProperties) = preSolution
		HideSolutionNode = FALSE
	EndGlobalSection
	GlobalSection(ExtensibilityGlobals) = postSolution
		SolutionGuid = {98933504-B5F6-4A22-B289-662251213AB6}
	EndGlobalSection
EndGlobal
