
Microsoft Visual Studio Solution File, Format Version 12.00
# Visual Studio Version 17
VisualStudioVersion = 17.4.33213.308
MinimumVisualStudioVersion = 10.0.40219.1
Project("{FAE04EC0-301F-11D3-BF4B-00C04F79EFBC}") = "Common", "Common\Common.csproj", "{C1F2ECE7-75B6-4231-9C0A-700336B354A7}"
EndProject
Global
	GlobalSection(SolutionConfigurationPlatforms) = preSolution
		Debug|Any CPU = Debug|Any CPU
		Release|Any CPU = Release|Any CPU
	EndGlobalSection
	GlobalSection(ProjectConfigurationPlatforms) = postSolution
		{C1F2ECE7-75B6-4231-9C0A-700336B354A7}.Debug|Any CPU.ActiveCfg = Debug|Any CPU
		{C1F2ECE7-75B6-4231-9C0A-700336B354A7}.Debug|Any CPU.Build.0 = Debug|Any CPU
		{C1F2ECE7-75B6-4231-9C0A-700336B354A7}.Release|Any CPU.ActiveCfg = Release|Any CPU
		{C1F2ECE7-75B6-4231-9C0A-700336B354A7}.Release|Any CPU.Build.0 = Release|Any CPU
	EndGlobalSection
	GlobalSection(SolutionProperties) = preSolution
		HideSolutionNode = FALSE
	EndGlobalSection
	GlobalSection(ExtensibilityGlobals) = postSolution
		SolutionGuid = {98933504-B5F6-4A22-B289-662251213AB6}
	EndGlobalSection
EndGlobal
